
Microsoft Visual Studio Solution File, Format Version 12.00
# Visual Studio Version 16
VisualStudioVersion = 16.0.29613.14
MinimumVisualStudioVersion = 10.0.40219.1
Project("{8BC9CEB8-8B4A-11D0-8D11-00A0C91BC942}") = "Engine", "Engine\Engine.vcxproj", "{B1A39D55-638B-43EF-8694-8427EE54C608}"
EndProject
Project("{8BC9CEB8-8B4A-11D0-8D11-00A0C91BC942}") = "EngineSharp", "EngineSharp\EngineSharp.vcxproj", "{C54D8FB9-CF85-4D5B-8672-8BFE3A6A7884}"
EndProject
Project("{FAE04EC0-301F-11D3-BF4B-00C04F79EFBC}") = "RoadSignDetection", "RoadSignDetection\RoadSignDetection.csproj", "{03C563D3-C64B-4CDE-A26C-22E8A1407096}"
EndProject
Global
	GlobalSection(SolutionConfigurationPlatforms) = preSolution
		Debug|Any CPU = Debug|Any CPU
		Debug|x64 = Debug|x64
		Debug|x86 = Debug|x86
		Release|Any CPU = Release|Any CPU
		Release|x64 = Release|x64
		Release|x86 = Release|x86
	EndGlobalSection
	GlobalSection(ProjectConfigurationPlatforms) = postSolution
		{B1A39D55-638B-43EF-8694-8427EE54C608}.Debug|Any CPU.ActiveCfg = Debug|Win32
		{B1A39D55-638B-43EF-8694-8427EE54C608}.Debug|x64.ActiveCfg = Debug|x64
		{B1A39D55-638B-43EF-8694-8427EE54C608}.Debug|x64.Build.0 = Debug|x64
		{B1A39D55-638B-43EF-8694-8427EE54C608}.Debug|x86.ActiveCfg = Debug|Win32
		{B1A39D55-638B-43EF-8694-8427EE54C608}.Debug|x86.Build.0 = Debug|Win32
		{B1A39D55-638B-43EF-8694-8427EE54C608}.Release|Any CPU.ActiveCfg = Release|Win32
		{B1A39D55-638B-43EF-8694-8427EE54C608}.Release|x64.ActiveCfg = Release|x64
		{B1A39D55-638B-43EF-8694-8427EE54C608}.Release|x64.Build.0 = Release|x64
		{B1A39D55-638B-43EF-8694-8427EE54C608}.Release|x86.ActiveCfg = Release|Win32
		{B1A39D55-638B-43EF-8694-8427EE54C608}.Release|x86.Build.0 = Release|Win32
		{C54D8FB9-CF85-4D5B-8672-8BFE3A6A7884}.Debug|Any CPU.ActiveCfg = Debug|Win32
		{C54D8FB9-CF85-4D5B-8672-8BFE3A6A7884}.Debug|x64.ActiveCfg = Debug|x64
		{C54D8FB9-CF85-4D5B-8672-8BFE3A6A7884}.Debug|x64.Build.0 = Debug|x64
		{C54D8FB9-CF85-4D5B-8672-8BFE3A6A7884}.Debug|x86.ActiveCfg = Debug|Win32
		{C54D8FB9-CF85-4D5B-8672-8BFE3A6A7884}.Debug|x86.Build.0 = Debug|Win32
		{C54D8FB9-CF85-4D5B-8672-8BFE3A6A7884}.Release|Any CPU.ActiveCfg = Release|Win32
		{C54D8FB9-CF85-4D5B-8672-8BFE3A6A7884}.Release|x64.ActiveCfg = Release|x64
		{C54D8FB9-CF85-4D5B-8672-8BFE3A6A7884}.Release|x64.Build.0 = Release|x64
		{C54D8FB9-CF85-4D5B-8672-8BFE3A6A7884}.Release|x86.ActiveCfg = Release|Win32
		{C54D8FB9-CF85-4D5B-8672-8BFE3A6A7884}.Release|x86.Build.0 = Release|Win32
		{03C563D3-C64B-4CDE-A26C-22E8A1407096}.Debug|Any CPU.ActiveCfg = Debug|Any CPU
		{03C563D3-C64B-4CDE-A26C-22E8A1407096}.Debug|Any CPU.Build.0 = Debug|Any CPU
		{03C563D3-C64B-4CDE-A26C-22E8A1407096}.Debug|x64.ActiveCfg = Debug|x64
		{03C563D3-C64B-4CDE-A26C-22E8A1407096}.Debug|x64.Build.0 = Debug|x64
		{03C563D3-C64B-4CDE-A26C-22E8A1407096}.Debug|x86.ActiveCfg = Debug|Any CPU
		{03C563D3-C64B-4CDE-A26C-22E8A1407096}.Debug|x86.Build.0 = Debug|Any CPU
		{03C563D3-C64B-4CDE-A26C-22E8A1407096}.Release|Any CPU.ActiveCfg = Release|Any CPU
		{03C563D3-C64B-4CDE-A26C-22E8A1407096}.Release|Any CPU.Build.0 = Release|Any CPU
		{03C563D3-C64B-4CDE-A26C-22E8A1407096}.Release|x64.ActiveCfg = Release|x64
		{03C563D3-C64B-4CDE-A26C-22E8A1407096}.Release|x64.Build.0 = Release|x64
		{03C563D3-C64B-4CDE-A26C-22E8A1407096}.Release|x86.ActiveCfg = Release|Any CPU
		{03C563D3-C64B-4CDE-A26C-22E8A1407096}.Release|x86.Build.0 = Release|Any CPU
	EndGlobalSection
	GlobalSection(SolutionProperties) = preSolution
		HideSolutionNode = FALSE
	EndGlobalSection
	GlobalSection(ExtensibilityGlobals) = postSolution
		SolutionGuid = {5259DE26-11BA-4029-AF3E-59EA83138F69}
	EndGlobalSection
EndGlobal
